
Microsoft Visual Studio Solution File, Format Version 12.00
# Visual Studio Version 16
VisualStudioVersion = 16.0.30011.22
MinimumVisualStudioVersion = 10.0.40219.1
Project("{2150E333-8FDC-42A3-9474-1A3956D46DE8}") = "Domain", "Domain", "{9B309A9C-64C2-4883-B047-76C574D0C2D6}"
EndProject
Project("{2150E333-8FDC-42A3-9474-1A3956D46DE8}") = "Infra.Bus", "Infra.Bus", "{51A8D2CA-947B-417E-A123-406025684B55}"
EndProject
Project("{2150E333-8FDC-42A3-9474-1A3956D46DE8}") = "Infra.IOC", "Infra.IOC", "{D291AEE5-7A59-48C4-AD0A-4FE76B4D47CD}"
EndProject
Project("{2150E333-8FDC-42A3-9474-1A3956D46DE8}") = "Microservices", "Microservices", "{82EAD0F2-108B-4DFD-93EA-4935498D4169}"
EndProject
Project("{2150E333-8FDC-42A3-9474-1A3956D46DE8}") = "Presentation", "Presentation", "{2F221861-BA0A-4857-BBC5-D06F714721A4}"
EndProject
Project("{FAE04EC0-301F-11D3-BF4B-00C04F79EFBC}") = "MicroRabbit.Domain.Core", "MicroRabbit.Domain.Core\MicroRabbit.Domain.Core.csproj", "{BDD1550C-2EF7-4CB0-B8E0-20E06777CFA3}"
EndProject
Project("{FAE04EC0-301F-11D3-BF4B-00C04F79EFBC}") = "MicroRabbit.Infra.Bus", "MicroRabbit.Infra.Bus\MicroRabbit.Infra.Bus.csproj", "{442A3C92-5AF1-45C7-9306-A355669BD08C}"
EndProject
Project("{FAE04EC0-301F-11D3-BF4B-00C04F79EFBC}") = "MicroRabbit.Infra.IoC", "MicroRabbit.Infra.IoC\MicroRabbit.Infra.IoC.csproj", "{B5A5E21A-73E4-45EF-9CD3-DD7D27F0EB6B}"
EndProject
Project("{2150E333-8FDC-42A3-9474-1A3956D46DE8}") = "Banking", "Banking", "{A8ED557F-8FB5-47CB-872F-734BFA642C48}"
EndProject
Project("{2150E333-8FDC-42A3-9474-1A3956D46DE8}") = "Api", "Api", "{DF959FA2-98EE-4627-B58F-8B69593A00F0}"
EndProject
Project("{2150E333-8FDC-42A3-9474-1A3956D46DE8}") = "Domain", "Domain", "{BD45F2B5-E01D-4F9A-A228-0B15CF32241E}"
EndProject
Project("{2150E333-8FDC-42A3-9474-1A3956D46DE8}") = "Application", "Application", "{66C22EBD-7A85-489E-BB03-1FC9FA6D539E}"
EndProject
Project("{2150E333-8FDC-42A3-9474-1A3956D46DE8}") = "Data", "Data", "{A3B9DDE1-1CCF-47C1-AE43-10EBB56F078A}"
EndProject
Project("{FAE04EC0-301F-11D3-BF4B-00C04F79EFBC}") = "MicroRabbit.Banking.Api", "MicroRabbit.Banking.Api\MicroRabbit.Banking.Api.csproj", "{7179C7AF-5892-4AFF-9221-DCA15884B7E0}"
EndProject
Project("{FAE04EC0-301F-11D3-BF4B-00C04F79EFBC}") = "MicroRabbit.Banking.Application", "MicroRabbit.Banking.Application\MicroRabbit.Banking.Application.csproj", "{A94ED747-5AFB-4200-83CF-14F73508FBFE}"
EndProject
Project("{FAE04EC0-301F-11D3-BF4B-00C04F79EFBC}") = "MicroRabbit.Banking.Data", "MicroRabbit.Banking.Data\MicroRabbit.Banking.Data.csproj", "{E10CBC4D-1F3A-4D25-A2C6-F56264B62DD0}"
EndProject
Project("{FAE04EC0-301F-11D3-BF4B-00C04F79EFBC}") = "MicroRabbit.Banking.Domain", "MicroRabbit.Banking.Domain\MicroRabbit.Banking.Domain.csproj", "{15998619-6F9D-4E9D-9186-38C6FA10C8F0}"
EndProject
Project("{2150E333-8FDC-42A3-9474-1A3956D46DE8}") = "Transfer", "Transfer", "{3B8ADA4F-575E-42E9-90B2-BBFF1A431E64}"
EndProject
Project("{2150E333-8FDC-42A3-9474-1A3956D46DE8}") = "Api", "Api", "{9F75DDBF-05B3-451D-9F1F-7645077004F1}"
EndProject
Project("{2150E333-8FDC-42A3-9474-1A3956D46DE8}") = "Application", "Application", "{98446628-A828-49C3-9B1B-AA4DABF477D8}"
EndProject
Project("{2150E333-8FDC-42A3-9474-1A3956D46DE8}") = "Data", "Data", "{B7FA344C-0AFE-45B2-B5E8-97953CE1C2F6}"
EndProject
Project("{2150E333-8FDC-42A3-9474-1A3956D46DE8}") = "Domain", "Domain", "{A5CF5B5E-5F8C-40D0-8835-9541E397C268}"
EndProject
Project("{FAE04EC0-301F-11D3-BF4B-00C04F79EFBC}") = "MIcroRabbit.Transfer.Api", "MIcroRabbit.Transfer.Api\MIcroRabbit.Transfer.Api.csproj", "{C13D3580-3499-429F-8942-4B6CB6DABF17}"
EndProject
Project("{FAE04EC0-301F-11D3-BF4B-00C04F79EFBC}") = "MicroRabbit.Transfer.Application", "MicroRabbit.Transfer.Application\MicroRabbit.Transfer.Application.csproj", "{7F5A935E-438A-456F-ABC8-4C8A0458D26D}"
EndProject
Project("{FAE04EC0-301F-11D3-BF4B-00C04F79EFBC}") = "MicroRabbit.Transfer.Data", "MicroRabbit.Transfer.Data\MicroRabbit.Transfer.Data.csproj", "{03585448-F150-4F6F-9EDC-F761116A9E74}"
EndProject
Project("{FAE04EC0-301F-11D3-BF4B-00C04F79EFBC}") = "MicroRabbit.Transfer.Domain", "MicroRabbit.Transfer.Domain\MicroRabbit.Transfer.Domain.csproj", "{D275E55C-5D68-496E-A552-90EA065D2E2C}"
EndProject
Global
	GlobalSection(SolutionConfigurationPlatforms) = preSolution
		Debug|Any CPU = Debug|Any CPU
		Release|Any CPU = Release|Any CPU
	EndGlobalSection
	GlobalSection(ProjectConfigurationPlatforms) = postSolution
		{BDD1550C-2EF7-4CB0-B8E0-20E06777CFA3}.Debug|Any CPU.ActiveCfg = Debug|Any CPU
		{BDD1550C-2EF7-4CB0-B8E0-20E06777CFA3}.Debug|Any CPU.Build.0 = Debug|Any CPU
		{BDD1550C-2EF7-4CB0-B8E0-20E06777CFA3}.Release|Any CPU.ActiveCfg = Release|Any CPU
		{BDD1550C-2EF7-4CB0-B8E0-20E06777CFA3}.Release|Any CPU.Build.0 = Release|Any CPU
		{442A3C92-5AF1-45C7-9306-A355669BD08C}.Debug|Any CPU.ActiveCfg = Debug|Any CPU
		{442A3C92-5AF1-45C7-9306-A355669BD08C}.Debug|Any CPU.Build.0 = Debug|Any CPU
		{442A3C92-5AF1-45C7-9306-A355669BD08C}.Release|Any CPU.ActiveCfg = Release|Any CPU
		{442A3C92-5AF1-45C7-9306-A355669BD08C}.Release|Any CPU.Build.0 = Release|Any CPU
		{B5A5E21A-73E4-45EF-9CD3-DD7D27F0EB6B}.Debug|Any CPU.ActiveCfg = Debug|Any CPU
		{B5A5E21A-73E4-45EF-9CD3-DD7D27F0EB6B}.Debug|Any CPU.Build.0 = Debug|Any CPU
		{B5A5E21A-73E4-45EF-9CD3-DD7D27F0EB6B}.Release|Any CPU.ActiveCfg = Release|Any CPU
		{B5A5E21A-73E4-45EF-9CD3-DD7D27F0EB6B}.Release|Any CPU.Build.0 = Release|Any CPU
		{7179C7AF-5892-4AFF-9221-DCA15884B7E0}.Debug|Any CPU.ActiveCfg = Debug|Any CPU
		{7179C7AF-5892-4AFF-9221-DCA15884B7E0}.Debug|Any CPU.Build.0 = Debug|Any CPU
		{7179C7AF-5892-4AFF-9221-DCA15884B7E0}.Release|Any CPU.ActiveCfg = Release|Any CPU
		{7179C7AF-5892-4AFF-9221-DCA15884B7E0}.Release|Any CPU.Build.0 = Release|Any CPU
		{A94ED747-5AFB-4200-83CF-14F73508FBFE}.Debug|Any CPU.ActiveCfg = Debug|Any CPU
		{A94ED747-5AFB-4200-83CF-14F73508FBFE}.Debug|Any CPU.Build.0 = Debug|Any CPU
		{A94ED747-5AFB-4200-83CF-14F73508FBFE}.Release|Any CPU.ActiveCfg = Release|Any CPU
		{A94ED747-5AFB-4200-83CF-14F73508FBFE}.Release|Any CPU.Build.0 = Release|Any CPU
		{E10CBC4D-1F3A-4D25-A2C6-F56264B62DD0}.Debug|Any CPU.ActiveCfg = Debug|Any CPU
		{E10CBC4D-1F3A-4D25-A2C6-F56264B62DD0}.Debug|Any CPU.Build.0 = Debug|Any CPU
		{E10CBC4D-1F3A-4D25-A2C6-F56264B62DD0}.Release|Any CPU.ActiveCfg = Release|Any CPU
		{E10CBC4D-1F3A-4D25-A2C6-F56264B62DD0}.Release|Any CPU.Build.0 = Release|Any CPU
		{15998619-6F9D-4E9D-9186-38C6FA10C8F0}.Debug|Any CPU.ActiveCfg = Debug|Any CPU
		{15998619-6F9D-4E9D-9186-38C6FA10C8F0}.Debug|Any CPU.Build.0 = Debug|Any CPU
		{15998619-6F9D-4E9D-9186-38C6FA10C8F0}.Release|Any CPU.ActiveCfg = Release|Any CPU
		{15998619-6F9D-4E9D-9186-38C6FA10C8F0}.Release|Any CPU.Build.0 = Release|Any CPU
		{C13D3580-3499-429F-8942-4B6CB6DABF17}.Debug|Any CPU.ActiveCfg = Debug|Any CPU
		{C13D3580-3499-429F-8942-4B6CB6DABF17}.Debug|Any CPU.Build.0 = Debug|Any CPU
		{C13D3580-3499-429F-8942-4B6CB6DABF17}.Release|Any CPU.ActiveCfg = Release|Any CPU
		{C13D3580-3499-429F-8942-4B6CB6DABF17}.Release|Any CPU.Build.0 = Release|Any CPU
		{7F5A935E-438A-456F-ABC8-4C8A0458D26D}.Debug|Any CPU.ActiveCfg = Debug|Any CPU
		{7F5A935E-438A-456F-ABC8-4C8A0458D26D}.Debug|Any CPU.Build.0 = Debug|Any CPU
		{7F5A935E-438A-456F-ABC8-4C8A0458D26D}.Release|Any CPU.ActiveCfg = Release|Any CPU
		{7F5A935E-438A-456F-ABC8-4C8A0458D26D}.Release|Any CPU.Build.0 = Release|Any CPU
		{03585448-F150-4F6F-9EDC-F761116A9E74}.Debug|Any CPU.ActiveCfg = Debug|Any CPU
		{03585448-F150-4F6F-9EDC-F761116A9E74}.Debug|Any CPU.Build.0 = Debug|Any CPU
		{03585448-F150-4F6F-9EDC-F761116A9E74}.Release|Any CPU.ActiveCfg = Release|Any CPU
		{03585448-F150-4F6F-9EDC-F761116A9E74}.Release|Any CPU.Build.0 = Release|Any CPU
		{D275E55C-5D68-496E-A552-90EA065D2E2C}.Debug|Any CPU.ActiveCfg = Debug|Any CPU
		{D275E55C-5D68-496E-A552-90EA065D2E2C}.Debug|Any CPU.Build.0 = Debug|Any CPU
		{D275E55C-5D68-496E-A552-90EA065D2E2C}.Release|Any CPU.ActiveCfg = Release|Any CPU
		{D275E55C-5D68-496E-A552-90EA065D2E2C}.Release|Any CPU.Build.0 = Release|Any CPU
	EndGlobalSection
	GlobalSection(SolutionProperties) = preSolution
		HideSolutionNode = FALSE
	EndGlobalSection
	GlobalSection(NestedProjects) = preSolution
		{BDD1550C-2EF7-4CB0-B8E0-20E06777CFA3} = {9B309A9C-64C2-4883-B047-76C574D0C2D6}
		{442A3C92-5AF1-45C7-9306-A355669BD08C} = {51A8D2CA-947B-417E-A123-406025684B55}
		{B5A5E21A-73E4-45EF-9CD3-DD7D27F0EB6B} = {D291AEE5-7A59-48C4-AD0A-4FE76B4D47CD}
		{A8ED557F-8FB5-47CB-872F-734BFA642C48} = {82EAD0F2-108B-4DFD-93EA-4935498D4169}
		{DF959FA2-98EE-4627-B58F-8B69593A00F0} = {A8ED557F-8FB5-47CB-872F-734BFA642C48}
		{BD45F2B5-E01D-4F9A-A228-0B15CF32241E} = {A8ED557F-8FB5-47CB-872F-734BFA642C48}
		{66C22EBD-7A85-489E-BB03-1FC9FA6D539E} = {A8ED557F-8FB5-47CB-872F-734BFA642C48}
		{A3B9DDE1-1CCF-47C1-AE43-10EBB56F078A} = {A8ED557F-8FB5-47CB-872F-734BFA642C48}
		{7179C7AF-5892-4AFF-9221-DCA15884B7E0} = {DF959FA2-98EE-4627-B58F-8B69593A00F0}
		{A94ED747-5AFB-4200-83CF-14F73508FBFE} = {66C22EBD-7A85-489E-BB03-1FC9FA6D539E}
		{E10CBC4D-1F3A-4D25-A2C6-F56264B62DD0} = {A3B9DDE1-1CCF-47C1-AE43-10EBB56F078A}
		{15998619-6F9D-4E9D-9186-38C6FA10C8F0} = {BD45F2B5-E01D-4F9A-A228-0B15CF32241E}
		{3B8ADA4F-575E-42E9-90B2-BBFF1A431E64} = {82EAD0F2-108B-4DFD-93EA-4935498D4169}
		{9F75DDBF-05B3-451D-9F1F-7645077004F1} = {3B8ADA4F-575E-42E9-90B2-BBFF1A431E64}
		{98446628-A828-49C3-9B1B-AA4DABF477D8} = {3B8ADA4F-575E-42E9-90B2-BBFF1A431E64}
		{B7FA344C-0AFE-45B2-B5E8-97953CE1C2F6} = {3B8ADA4F-575E-42E9-90B2-BBFF1A431E64}
		{A5CF5B5E-5F8C-40D0-8835-9541E397C268} = {3B8ADA4F-575E-42E9-90B2-BBFF1A431E64}
		{C13D3580-3499-429F-8942-4B6CB6DABF17} = {9F75DDBF-05B3-451D-9F1F-7645077004F1}
		{7F5A935E-438A-456F-ABC8-4C8A0458D26D} = {98446628-A828-49C3-9B1B-AA4DABF477D8}
		{03585448-F150-4F6F-9EDC-F761116A9E74} = {B7FA344C-0AFE-45B2-B5E8-97953CE1C2F6}
		{D275E55C-5D68-496E-A552-90EA065D2E2C} = {A5CF5B5E-5F8C-40D0-8835-9541E397C268}
	EndGlobalSection
	GlobalSection(ExtensibilityGlobals) = postSolution
		SolutionGuid = {2E482F0B-2C93-4372-A0CE-EEE4BE7E3977}
	EndGlobalSection
EndGlobal
