
Microsoft Visual Studio Solution File, Format Version 12.00
# Visual Studio Version 16
VisualStudioVersion = 16.0.30011.22
MinimumVisualStudioVersion = 10.0.40219.1
Project("{2150E333-8FDC-42A3-9474-1A3956D46DE8}") = "Domain", "Domain", "{97BFA0EA-196A-4291-81E0-0A85A2628B80}"
EndProject
Project("{2150E333-8FDC-42A3-9474-1A3956D46DE8}") = "Infra.Bus", "Infra.Bus", "{9A7BA8B1-3BC6-49F6-8EBA-8CA80395AEBE}"
EndProject
Project("{2150E333-8FDC-42A3-9474-1A3956D46DE8}") = "Infra.IoC", "Infra.IoC", "{5B6E021A-C555-4C29-A524-82ECF5BF694E}"
EndProject
Project("{2150E333-8FDC-42A3-9474-1A3956D46DE8}") = "Microservices", "Microservices", "{6EB882E7-D2DF-4979-9321-B222F38C3862}"
EndProject
Project("{2150E333-8FDC-42A3-9474-1A3956D46DE8}") = "Presentation", "Presentation", "{AA1BBD3D-CF0F-469C-877C-08527E6BF104}"
EndProject
Project("{9A19103F-16F7-4668-BE54-9A1E7A4F7556}") = "MicroRabbit.Domain.Core", "MicroRabbit.Domain.Core\MicroRabbit.Domain.Core.csproj", "{19ED826B-C7A4-47B1-9851-A4C9DA64D567}"
EndProject
Project("{FAE04EC0-301F-11D3-BF4B-00C04F79EFBC}") = "MicroRabbit.Infra.Bus", "MicroRabbit.Infra.Bus\MicroRabbit.Infra.Bus.csproj", "{9F40E5C9-A583-4846-B833-635F7BDC63C1}"
EndProject
Project("{FAE04EC0-301F-11D3-BF4B-00C04F79EFBC}") = "MicroRabbit.Infra.IOC", "MicroRabbit.Infra.IOC\MicroRabbit.Infra.IOC.csproj", "{E1F19913-F7AD-48E6-86FC-B8EAD24C322F}"
EndProject
Project("{2150E333-8FDC-42A3-9474-1A3956D46DE8}") = "Banking", "Banking", "{83F910EB-FDFA-4552-8940-375B8FB89C46}"
EndProject
Project("{2150E333-8FDC-42A3-9474-1A3956D46DE8}") = "Api", "Api", "{C470BAD9-1BB8-4BE6-B511-47D224882DDD}"
EndProject
Project("{2150E333-8FDC-42A3-9474-1A3956D46DE8}") = "Domain", "Domain", "{4D1CE84C-1007-4C4C-A2A3-ACB64D3C938F}"
EndProject
Project("{2150E333-8FDC-42A3-9474-1A3956D46DE8}") = "Application", "Application", "{5FB7ABDD-3FAE-4F8F-9F68-B21B3B7A392C}"
EndProject
Project("{2150E333-8FDC-42A3-9474-1A3956D46DE8}") = "Data", "Data", "{22E2A545-3BA0-4DC3-8BD7-73BB0D145185}"
EndProject
Project("{FAE04EC0-301F-11D3-BF4B-00C04F79EFBC}") = "MicroRabbit.Banking.Api", "MicroRabbit.Banking.Api\MicroRabbit.Banking.Api.csproj", "{8771FBFA-1C08-4A55-B4E3-F055CB947926}"
EndProject
Project("{FAE04EC0-301F-11D3-BF4B-00C04F79EFBC}") = "MicroRabbit.Banking.Application", "MicroRabbit.Banking.Application\MicroRabbit.Banking.Application.csproj", "{3B63E8DE-D388-41AC-88F3-B719180C2154}"
EndProject
Project("{FAE04EC0-301F-11D3-BF4B-00C04F79EFBC}") = "MicroRabbit.Banking.Data", "MicroRabbit.Banking.Data\MicroRabbit.Banking.Data.csproj", "{BB594D42-01D8-48B8-BF5B-C1C0933F24D8}"
EndProject
Project("{FAE04EC0-301F-11D3-BF4B-00C04F79EFBC}") = "MicroRabbit.Banking.Domain", "MicroRabbit.Banking.Domain\MicroRabbit.Banking.Domain.csproj", "{1EF9E0AB-1F7C-4C1E-BD8D-C7182DC1B71A}"
EndProject
Global
	GlobalSection(SolutionConfigurationPlatforms) = preSolution
		Debug|Any CPU = Debug|Any CPU
		Release|Any CPU = Release|Any CPU
	EndGlobalSection
	GlobalSection(ProjectConfigurationPlatforms) = postSolution
		{19ED826B-C7A4-47B1-9851-A4C9DA64D567}.Debug|Any CPU.ActiveCfg = Debug|Any CPU
		{19ED826B-C7A4-47B1-9851-A4C9DA64D567}.Debug|Any CPU.Build.0 = Debug|Any CPU
		{19ED826B-C7A4-47B1-9851-A4C9DA64D567}.Release|Any CPU.ActiveCfg = Release|Any CPU
		{19ED826B-C7A4-47B1-9851-A4C9DA64D567}.Release|Any CPU.Build.0 = Release|Any CPU
		{9F40E5C9-A583-4846-B833-635F7BDC63C1}.Debug|Any CPU.ActiveCfg = Debug|Any CPU
		{9F40E5C9-A583-4846-B833-635F7BDC63C1}.Debug|Any CPU.Build.0 = Debug|Any CPU
		{9F40E5C9-A583-4846-B833-635F7BDC63C1}.Release|Any CPU.ActiveCfg = Release|Any CPU
		{9F40E5C9-A583-4846-B833-635F7BDC63C1}.Release|Any CPU.Build.0 = Release|Any CPU
		{E1F19913-F7AD-48E6-86FC-B8EAD24C322F}.Debug|Any CPU.ActiveCfg = Debug|Any CPU
		{E1F19913-F7AD-48E6-86FC-B8EAD24C322F}.Debug|Any CPU.Build.0 = Debug|Any CPU
		{E1F19913-F7AD-48E6-86FC-B8EAD24C322F}.Release|Any CPU.ActiveCfg = Release|Any CPU
		{E1F19913-F7AD-48E6-86FC-B8EAD24C322F}.Release|Any CPU.Build.0 = Release|Any CPU
		{8771FBFA-1C08-4A55-B4E3-F055CB947926}.Debug|Any CPU.ActiveCfg = Debug|Any CPU
		{8771FBFA-1C08-4A55-B4E3-F055CB947926}.Debug|Any CPU.Build.0 = Debug|Any CPU
		{8771FBFA-1C08-4A55-B4E3-F055CB947926}.Release|Any CPU.ActiveCfg = Release|Any CPU
		{8771FBFA-1C08-4A55-B4E3-F055CB947926}.Release|Any CPU.Build.0 = Release|Any CPU
		{3B63E8DE-D388-41AC-88F3-B719180C2154}.Debug|Any CPU.ActiveCfg = Debug|Any CPU
		{3B63E8DE-D388-41AC-88F3-B719180C2154}.Debug|Any CPU.Build.0 = Debug|Any CPU
		{3B63E8DE-D388-41AC-88F3-B719180C2154}.Release|Any CPU.ActiveCfg = Release|Any CPU
		{3B63E8DE-D388-41AC-88F3-B719180C2154}.Release|Any CPU.Build.0 = Release|Any CPU
		{BB594D42-01D8-48B8-BF5B-C1C0933F24D8}.Debug|Any CPU.ActiveCfg = Debug|Any CPU
		{BB594D42-01D8-48B8-BF5B-C1C0933F24D8}.Debug|Any CPU.Build.0 = Debug|Any CPU
		{BB594D42-01D8-48B8-BF5B-C1C0933F24D8}.Release|Any CPU.ActiveCfg = Release|Any CPU
		{BB594D42-01D8-48B8-BF5B-C1C0933F24D8}.Release|Any CPU.Build.0 = Release|Any CPU
		{1EF9E0AB-1F7C-4C1E-BD8D-C7182DC1B71A}.Debug|Any CPU.ActiveCfg = Debug|Any CPU
		{1EF9E0AB-1F7C-4C1E-BD8D-C7182DC1B71A}.Debug|Any CPU.Build.0 = Debug|Any CPU
		{1EF9E0AB-1F7C-4C1E-BD8D-C7182DC1B71A}.Release|Any CPU.ActiveCfg = Release|Any CPU
		{1EF9E0AB-1F7C-4C1E-BD8D-C7182DC1B71A}.Release|Any CPU.Build.0 = Release|Any CPU
	EndGlobalSection
	GlobalSection(SolutionProperties) = preSolution
		HideSolutionNode = FALSE
	EndGlobalSection
	GlobalSection(NestedProjects) = preSolution
		{19ED826B-C7A4-47B1-9851-A4C9DA64D567} = {97BFA0EA-196A-4291-81E0-0A85A2628B80}
		{9F40E5C9-A583-4846-B833-635F7BDC63C1} = {9A7BA8B1-3BC6-49F6-8EBA-8CA80395AEBE}
		{E1F19913-F7AD-48E6-86FC-B8EAD24C322F} = {5B6E021A-C555-4C29-A524-82ECF5BF694E}
		{83F910EB-FDFA-4552-8940-375B8FB89C46} = {6EB882E7-D2DF-4979-9321-B222F38C3862}
		{C470BAD9-1BB8-4BE6-B511-47D224882DDD} = {83F910EB-FDFA-4552-8940-375B8FB89C46}
		{4D1CE84C-1007-4C4C-A2A3-ACB64D3C938F} = {83F910EB-FDFA-4552-8940-375B8FB89C46}
		{5FB7ABDD-3FAE-4F8F-9F68-B21B3B7A392C} = {83F910EB-FDFA-4552-8940-375B8FB89C46}
		{22E2A545-3BA0-4DC3-8BD7-73BB0D145185} = {83F910EB-FDFA-4552-8940-375B8FB89C46}
		{8771FBFA-1C08-4A55-B4E3-F055CB947926} = {C470BAD9-1BB8-4BE6-B511-47D224882DDD}
		{3B63E8DE-D388-41AC-88F3-B719180C2154} = {5FB7ABDD-3FAE-4F8F-9F68-B21B3B7A392C}
		{BB594D42-01D8-48B8-BF5B-C1C0933F24D8} = {22E2A545-3BA0-4DC3-8BD7-73BB0D145185}
		{1EF9E0AB-1F7C-4C1E-BD8D-C7182DC1B71A} = {4D1CE84C-1007-4C4C-A2A3-ACB64D3C938F}
	EndGlobalSection
	GlobalSection(ExtensibilityGlobals) = postSolution
		SolutionGuid = {2E482F0B-2C93-4372-A0CE-EEE4BE7E3977}
	EndGlobalSection
EndGlobal
